
Microsoft Visual Studio Solution File, Format Version 12.00
# Visual Studio Version 17
VisualStudioVersion = 17.14.36414.22 d17.14
MinimumVisualStudioVersion = 10.0.40219.1
Project("{FAE04EC0-301F-11D3-BF4B-00C04F79EFBC}") = "ApiUsingSql", "ApiUsingSql\ApiUsingSql.csproj", "{50022E66-B2FC-49A4-8D41-73EC69CB7A77}"
EndProject
Global
	GlobalSection(SolutionConfigurationPlatforms) = preSolution
		Debug|Any CPU = Debug|Any CPU
		Release|Any CPU = Release|Any CPU
	EndGlobalSection
	GlobalSection(ProjectConfigurationPlatforms) = postSolution
		{50022E66-B2FC-49A4-8D41-73EC69CB7A77}.Debug|Any CPU.ActiveCfg = Debug|Any CPU
		{50022E66-B2FC-49A4-8D41-73EC69CB7A77}.Debug|Any CPU.Build.0 = Debug|Any CPU
		{50022E66-B2FC-49A4-8D41-73EC69CB7A77}.Release|Any CPU.ActiveCfg = Release|Any CPU
		{50022E66-B2FC-49A4-8D41-73EC69CB7A77}.Release|Any CPU.Build.0 = Release|Any CPU
	EndGlobalSection
	GlobalSection(SolutionProperties) = preSolution
		HideSolutionNode = FALSE
	EndGlobalSection
	GlobalSection(ExtensibilityGlobals) = postSolution
		SolutionGuid = {A8ED6571-02EA-4B7A-B6CB-95D05F7B668C}
	EndGlobalSection
EndGlobal
